
Microsoft Visual Studio Solution File, Format Version 12.00
# Visual Studio 15
VisualStudioVersion = 15.0.27130.2026
MinimumVisualStudioVersion = 10.0.40219.1
Project("{9A19103F-16F7-4668-BE54-9A1E7A4F7556}") = "wr.application", "wr.application\wr.application.csproj", "{CE8B44A2-3A36-4CCC-8BDC-3B93B5DB24CC}"
EndProject
Project("{9A19103F-16F7-4668-BE54-9A1E7A4F7556}") = "wr.repository", "wr.repository\wr.repository.csproj", "{CE6E1317-551B-4D28-A459-2C61A92123C7}"
EndProject
Project("{2150E333-8FDC-42A3-9474-1A3956D46DE8}") = "UnitTest", "UnitTest", "{3F508866-9DE6-41E7-B865-2139DC606EE4}"
EndProject
Project("{9A19103F-16F7-4668-BE54-9A1E7A4F7556}") = "wr.repository.unittest", "wr.repository.unittest\wr.repository.unittest.csproj", "{A53947B3-EDAC-4C83-A537-F4299910702C}"
EndProject
Project("{2150E333-8FDC-42A3-9474-1A3956D46DE8}") = "services", "services", "{FE2628DD-811A-476E-954D-B72727795BBB}"
EndProject
Project("{9A19103F-16F7-4668-BE54-9A1E7A4F7556}") = "service.core", "services\service.core\service.core.csproj", "{ABBB24F9-CE28-4D05-9567-1DDE14807FB0}"
EndProject
Project("{9A19103F-16F7-4668-BE54-9A1E7A4F7556}") = "service.authorise.interfaces", "services\service.authorise.interfaces\service.authorise.interfaces.csproj", "{D9CA83D9-1693-4001-9EDB-EF64BB61611D}"
EndProject
Project("{9A19103F-16F7-4668-BE54-9A1E7A4F7556}") = "service.authorise", "services\service.authorise\service.authorise.csproj", "{9C233C9D-4CDF-4152-8A99-9FB0362C57A4}"
EndProject
Project("{FAE04EC0-301F-11D3-BF4B-00C04F79EFBC}") = "service.comments.contracts", "services\service.comments.contracts\service.comments.contracts.csproj", "{B4509042-5E09-4BE4-8444-0D9306534BA6}"
EndProject
Project("{FAE04EC0-301F-11D3-BF4B-00C04F79EFBC}") = "service.comments", "services\service.comments\service.comments.csproj", "{0CB7568A-C31B-4066-8A2B-C877A4FB7CFA}"
EndProject
Project("{FAE04EC0-301F-11D3-BF4B-00C04F79EFBC}") = "service.comments.interfaces", "services\service.comments.interfaces\service.comments.interfaces.csproj", "{509D4F55-FC7F-4471-9EA4-B875DAA4150A}"
EndProject
Global
	GlobalSection(SolutionConfigurationPlatforms) = preSolution
		Debug|Any CPU = Debug|Any CPU
		Release|Any CPU = Release|Any CPU
	EndGlobalSection
	GlobalSection(ProjectConfigurationPlatforms) = postSolution
		{CE8B44A2-3A36-4CCC-8BDC-3B93B5DB24CC}.Debug|Any CPU.ActiveCfg = Debug|Any CPU
		{CE8B44A2-3A36-4CCC-8BDC-3B93B5DB24CC}.Debug|Any CPU.Build.0 = Debug|Any CPU
		{CE8B44A2-3A36-4CCC-8BDC-3B93B5DB24CC}.Release|Any CPU.ActiveCfg = Release|Any CPU
		{CE8B44A2-3A36-4CCC-8BDC-3B93B5DB24CC}.Release|Any CPU.Build.0 = Release|Any CPU
		{CE6E1317-551B-4D28-A459-2C61A92123C7}.Debug|Any CPU.ActiveCfg = Debug|Any CPU
		{CE6E1317-551B-4D28-A459-2C61A92123C7}.Debug|Any CPU.Build.0 = Debug|Any CPU
		{CE6E1317-551B-4D28-A459-2C61A92123C7}.Release|Any CPU.ActiveCfg = Release|Any CPU
		{CE6E1317-551B-4D28-A459-2C61A92123C7}.Release|Any CPU.Build.0 = Release|Any CPU
		{A53947B3-EDAC-4C83-A537-F4299910702C}.Debug|Any CPU.ActiveCfg = Debug|Any CPU
		{A53947B3-EDAC-4C83-A537-F4299910702C}.Debug|Any CPU.Build.0 = Debug|Any CPU
		{A53947B3-EDAC-4C83-A537-F4299910702C}.Release|Any CPU.ActiveCfg = Release|Any CPU
		{A53947B3-EDAC-4C83-A537-F4299910702C}.Release|Any CPU.Build.0 = Release|Any CPU
		{ABBB24F9-CE28-4D05-9567-1DDE14807FB0}.Debug|Any CPU.ActiveCfg = Debug|Any CPU
		{ABBB24F9-CE28-4D05-9567-1DDE14807FB0}.Debug|Any CPU.Build.0 = Debug|Any CPU
		{ABBB24F9-CE28-4D05-9567-1DDE14807FB0}.Release|Any CPU.ActiveCfg = Release|Any CPU
		{ABBB24F9-CE28-4D05-9567-1DDE14807FB0}.Release|Any CPU.Build.0 = Release|Any CPU
		{D9CA83D9-1693-4001-9EDB-EF64BB61611D}.Debug|Any CPU.ActiveCfg = Debug|Any CPU
		{D9CA83D9-1693-4001-9EDB-EF64BB61611D}.Debug|Any CPU.Build.0 = Debug|Any CPU
		{D9CA83D9-1693-4001-9EDB-EF64BB61611D}.Release|Any CPU.ActiveCfg = Release|Any CPU
		{D9CA83D9-1693-4001-9EDB-EF64BB61611D}.Release|Any CPU.Build.0 = Release|Any CPU
		{9C233C9D-4CDF-4152-8A99-9FB0362C57A4}.Debug|Any CPU.ActiveCfg = Debug|Any CPU
		{9C233C9D-4CDF-4152-8A99-9FB0362C57A4}.Debug|Any CPU.Build.0 = Debug|Any CPU
		{9C233C9D-4CDF-4152-8A99-9FB0362C57A4}.Release|Any CPU.ActiveCfg = Release|Any CPU
		{9C233C9D-4CDF-4152-8A99-9FB0362C57A4}.Release|Any CPU.Build.0 = Release|Any CPU
		{B4509042-5E09-4BE4-8444-0D9306534BA6}.Debug|Any CPU.ActiveCfg = Debug|Any CPU
		{B4509042-5E09-4BE4-8444-0D9306534BA6}.Debug|Any CPU.Build.0 = Debug|Any CPU
		{B4509042-5E09-4BE4-8444-0D9306534BA6}.Release|Any CPU.ActiveCfg = Release|Any CPU
		{B4509042-5E09-4BE4-8444-0D9306534BA6}.Release|Any CPU.Build.0 = Release|Any CPU
		{0CB7568A-C31B-4066-8A2B-C877A4FB7CFA}.Debug|Any CPU.ActiveCfg = Debug|Any CPU
		{0CB7568A-C31B-4066-8A2B-C877A4FB7CFA}.Debug|Any CPU.Build.0 = Debug|Any CPU
		{0CB7568A-C31B-4066-8A2B-C877A4FB7CFA}.Release|Any CPU.ActiveCfg = Release|Any CPU
		{0CB7568A-C31B-4066-8A2B-C877A4FB7CFA}.Release|Any CPU.Build.0 = Release|Any CPU
		{509D4F55-FC7F-4471-9EA4-B875DAA4150A}.Debug|Any CPU.ActiveCfg = Debug|Any CPU
		{509D4F55-FC7F-4471-9EA4-B875DAA4150A}.Debug|Any CPU.Build.0 = Debug|Any CPU
		{509D4F55-FC7F-4471-9EA4-B875DAA4150A}.Release|Any CPU.ActiveCfg = Release|Any CPU
		{509D4F55-FC7F-4471-9EA4-B875DAA4150A}.Release|Any CPU.Build.0 = Release|Any CPU
	EndGlobalSection
	GlobalSection(SolutionProperties) = preSolution
		HideSolutionNode = FALSE
	EndGlobalSection
	GlobalSection(NestedProjects) = preSolution
		{A53947B3-EDAC-4C83-A537-F4299910702C} = {3F508866-9DE6-41E7-B865-2139DC606EE4}
		{ABBB24F9-CE28-4D05-9567-1DDE14807FB0} = {FE2628DD-811A-476E-954D-B72727795BBB}
		{D9CA83D9-1693-4001-9EDB-EF64BB61611D} = {FE2628DD-811A-476E-954D-B72727795BBB}
		{9C233C9D-4CDF-4152-8A99-9FB0362C57A4} = {FE2628DD-811A-476E-954D-B72727795BBB}
		{B4509042-5E09-4BE4-8444-0D9306534BA6} = {FE2628DD-811A-476E-954D-B72727795BBB}
		{0CB7568A-C31B-4066-8A2B-C877A4FB7CFA} = {FE2628DD-811A-476E-954D-B72727795BBB}
		{509D4F55-FC7F-4471-9EA4-B875DAA4150A} = {FE2628DD-811A-476E-954D-B72727795BBB}
	EndGlobalSection
	GlobalSection(ExtensibilityGlobals) = postSolution
		SolutionGuid = {9440332F-ADE6-4CE4-A7EC-EF96BDDC0098}
	EndGlobalSection
EndGlobal
